# This file is autogenerated, do not edit; changes may be undone by the next 'dep ensure'.


[[projects]]
  name = "github.com/davecgh/go-spew"
  packages = ["spew"]
  revision = "346938d642f2ec3594ed81d874461961cd0faa76"
  version = "v1.1.0"

[[projects]]
  branch = "master"
  name = "github.com/goxmpp/sasl"
  packages = [
    ".",
    "scram"
  ]
  revision = "332b07ded72cc550f87fc1364a0ee90bc6eb9686"

[[projects]]
  name = "github.com/pmezard/go-difflib"
  packages = ["difflib"]
  revision = "792786c7400a136282c1664665ae0a8db921c6c2"
  version = "v1.0.0"

[[projects]]
  branch = "master"
  name = "github.com/sbunce/bson"
  packages = ["."]
  revision = "0240a17d8ee8d7d677c2489f55bea82ec1c75bd5"

[[projects]]
  name = "github.com/stretchr/testify"
  packages = ["assert"]
  revision = "12b6f73e6084dad08a7c6e575284b177ecafbc71"
  version = "v1.2.1"

[solve-meta]
  analyzer-name = "dep"
  analyzer-version = 1
  inputs-digest = "5712b5f9dd81b6e819496f9cf0a345547fde4844d72d596ab5e09582b1212861"
  solver-name = "gps-cdcl"
  solver-version = 1
