# This file is autogenerated, do not edit; changes may be undone by the next 'dep ensure'.


[[projects]]
  branch = "master"
  name = "github.com/goxmpp/sasl"
  packages = [
    ".",
    "scram"
  ]
  revision = "332b07ded72cc550f87fc1364a0ee90bc6eb9686"

[[projects]]
  branch = "master"
  name = "github.com/sbunce/bson"
  packages = ["."]
  revision = "0240a17d8ee8d7d677c2489f55bea82ec1c75bd5"

[solve-meta]
  analyzer-name = "dep"
  analyzer-version = 1
  inputs-digest = "d3a2284053f39c9f7e2faac24c0f69d0e5f184e67b2d830301fd01722b7fa0f3"
  solver-name = "gps-cdcl"
  solver-version = 1
